
Microsoft Visual Studio Solution File, Format Version 12.00
# Visual Studio Version 17
VisualStudioVersion = 17.1.32407.343
MinimumVisualStudioVersion = 10.0.40219.1
Project("{FAE04EC0-301F-11D3-BF4B-00C04F79EFBC}") = "Rest-SW", "Rest-SW\Rest-SW.csproj", "{A045694F-A317-42DE-BA2D-64F303753771}"
EndProject
Global
	GlobalSection(SolutionConfigurationPlatforms) = preSolution
		Debug|Any CPU = Debug|Any CPU
		Release|Any CPU = Release|Any CPU
	EndGlobalSection
	GlobalSection(ProjectConfigurationPlatforms) = postSolution
		{A045694F-A317-42DE-BA2D-64F303753771}.Debug|Any CPU.ActiveCfg = Debug|Any CPU
		{A045694F-A317-42DE-BA2D-64F303753771}.Debug|Any CPU.Build.0 = Debug|Any CPU
		{A045694F-A317-42DE-BA2D-64F303753771}.Release|Any CPU.ActiveCfg = Release|Any CPU
		{A045694F-A317-42DE-BA2D-64F303753771}.Release|Any CPU.Build.0 = Release|Any CPU
	EndGlobalSection
	GlobalSection(SolutionProperties) = preSolution
		HideSolutionNode = FALSE
	EndGlobalSection
	GlobalSection(ExtensibilityGlobals) = postSolution
		SolutionGuid = {7D3235CB-1FFE-4101-9E8A-58720EDFD273}
	EndGlobalSection
EndGlobal
